
Microsoft Visual Studio Solution File, Format Version 12.00
# Visual Studio Version 17
VisualStudioVersion = 17.4.33110.190
MinimumVisualStudioVersion = 10.0.40219.1
Project("{FAE04EC0-301F-11D3-BF4B-00C04F79EFBC}") = "AppCV1-AhoraSi.Android", "AppCV1-AhoraSi\AppCV1-AhoraSi.Android\AppCV1-AhoraSi.Android.csproj", "{2EF5B612-0FFC-4170-80E4-BF4335DDF4EB}"
EndProject
Project("{FAE04EC0-301F-11D3-BF4B-00C04F79EFBC}") = "AppCV1-AhoraSi", "AppCV1-AhoraSi\AppCV1-AhoraSi\AppCV1-AhoraSi.csproj", "{406104D5-86CE-444B-AC38-9B56B4AEE0D3}"
EndProject
Global
	GlobalSection(SolutionConfigurationPlatforms) = preSolution
		Debug|Any CPU = Debug|Any CPU
		Release|Any CPU = Release|Any CPU
	EndGlobalSection
	GlobalSection(ProjectConfigurationPlatforms) = postSolution
		{2EF5B612-0FFC-4170-80E4-BF4335DDF4EB}.Debug|Any CPU.ActiveCfg = Debug|Any CPU
		{2EF5B612-0FFC-4170-80E4-BF4335DDF4EB}.Debug|Any CPU.Build.0 = Debug|Any CPU
		{2EF5B612-0FFC-4170-80E4-BF4335DDF4EB}.Debug|Any CPU.Deploy.0 = Debug|Any CPU
		{2EF5B612-0FFC-4170-80E4-BF4335DDF4EB}.Release|Any CPU.ActiveCfg = Release|Any CPU
		{2EF5B612-0FFC-4170-80E4-BF4335DDF4EB}.Release|Any CPU.Build.0 = Release|Any CPU
		{2EF5B612-0FFC-4170-80E4-BF4335DDF4EB}.Release|Any CPU.Deploy.0 = Release|Any CPU
		{406104D5-86CE-444B-AC38-9B56B4AEE0D3}.Debug|Any CPU.ActiveCfg = Debug|Any CPU
		{406104D5-86CE-444B-AC38-9B56B4AEE0D3}.Debug|Any CPU.Build.0 = Debug|Any CPU
		{406104D5-86CE-444B-AC38-9B56B4AEE0D3}.Debug|Any CPU.Deploy.0 = Debug|Any CPU
		{406104D5-86CE-444B-AC38-9B56B4AEE0D3}.Release|Any CPU.ActiveCfg = Release|Any CPU
		{406104D5-86CE-444B-AC38-9B56B4AEE0D3}.Release|Any CPU.Build.0 = Release|Any CPU
		{406104D5-86CE-444B-AC38-9B56B4AEE0D3}.Release|Any CPU.Deploy.0 = Release|Any CPU
	EndGlobalSection
	GlobalSection(SolutionProperties) = preSolution
		HideSolutionNode = FALSE
	EndGlobalSection
	GlobalSection(ExtensibilityGlobals) = postSolution
		SolutionGuid = {2BBF4F5C-7243-4CDC-B6AD-3198BEF444DD}
	EndGlobalSection
EndGlobal
